// !$*UTF8*$!
{
	archiveVersion = 1;
	classes = {
	};
	objectVersion = 52;
	objects = {

/* Begin PBXBuildFile section */
		30C7DAC215DD2FD8D670D3A8 /* Pods_TableViewImageLoadPOCTests.framework in Frameworks */ = {isa = PBXBuildFile; fileRef = 54539E523335898C71AFB5B1 /* Pods_TableViewImageLoadPOCTests.framework */; };
		57AFE43622B0760B26538D2A /* Pods_TableViewImageLoadPOC.framework in Frameworks */ = {isa = PBXBuildFile; fileRef = 52BD680707768C85E6157860 /* Pods_TableViewImageLoadPOC.framework */; };
		957B1E2F26B51364007478D7 /* AppDelegate.swift in Sources */ = {isa = PBXBuildFile; fileRef = 957B1E2E26B51364007478D7 /* AppDelegate.swift */; };
		957B1E3126B51364007478D7 /* SceneDelegate.swift in Sources */ = {isa = PBXBuildFile; fileRef = 957B1E3026B51364007478D7 /* SceneDelegate.swift */; };
		957B1E3326B51364007478D7 /* LoadeImagesVC.swift in Sources */ = {isa = PBXBuildFile; fileRef = 957B1E3226B51364007478D7 /* LoadeImagesVC.swift */; };
		957B1E3626B51364007478D7 /* Main.storyboard in Resources */ = {isa = PBXBuildFile; fileRef = 957B1E3426B51364007478D7 /* Main.storyboard */; };
		957B1E3926B51364007478D7 /* TableViewImageLoadPOC.xcdatamodeld in Sources */ = {isa = PBXBuildFile; fileRef = 957B1E3726B51364007478D7 /* TableViewImageLoadPOC.xcdatamodeld */; };
		957B1E3B26B51367007478D7 /* Assets.xcassets in Resources */ = {isa = PBXBuildFile; fileRef = 957B1E3A26B51367007478D7 /* Assets.xcassets */; };
		957B1E3E26B51367007478D7 /* LaunchScreen.storyboard in Resources */ = {isa = PBXBuildFile; fileRef = 957B1E3C26B51367007478D7 /* LaunchScreen.storyboard */; };
		957B1E4926B51368007478D7 /* TableViewImageLoadPOCTests.swift in Sources */ = {isa = PBXBuildFile; fileRef = 957B1E4826B51368007478D7 /* TableViewImageLoadPOCTests.swift */; };
		957B1E5426B51368007478D7 /* TableViewImageLoadPOCUITests.swift in Sources */ = {isa = PBXBuildFile; fileRef = 957B1E5326B51368007478D7 /* TableViewImageLoadPOCUITests.swift */; };
		957B1E8326B5221F007478D7 /* ApiConstant.swift in Sources */ = {isa = PBXBuildFile; fileRef = 957B1E6226B5221F007478D7 /* ApiConstant.swift */; };
		957B1E8426B5221F007478D7 /* Error.swift in Sources */ = {isa = PBXBuildFile; fileRef = 957B1E6326B5221F007478D7 /* Error.swift */; };
		957B1E8526B5221F007478D7 /* Result.swift in Sources */ = {isa = PBXBuildFile; fileRef = 957B1E6426B5221F007478D7 /* Result.swift */; };
		957B1E8626B5221F007478D7 /* Network.swift in Sources */ = {isa = PBXBuildFile; fileRef = 957B1E6526B5221F007478D7 /* Network.swift */; };
		957B1E8726B5221F007478D7 /* ApiManager.swift in Sources */ = {isa = PBXBuildFile; fileRef = 957B1E6626B5221F007478D7 /* ApiManager.swift */; };
		957B1E8826B5221F007478D7 /* Server.swift in Sources */ = {isa = PBXBuildFile; fileRef = 957B1E6726B5221F007478D7 /* Server.swift */; };
		957B1E8926B5221F007478D7 /* Debug.swift in Sources */ = {isa = PBXBuildFile; fileRef = 957B1E6826B5221F007478D7 /* Debug.swift */; };
		957B1E8A26B5221F007478D7 /* GroupModal.swift in Sources */ = {isa = PBXBuildFile; fileRef = 957B1E6A26B5221F007478D7 /* GroupModal.swift */; };
		957B1E8B26B5221F007478D7 /* ChatModal.swift in Sources */ = {isa = PBXBuildFile; fileRef = 957B1E6B26B5221F007478D7 /* ChatModal.swift */; };
		957B1E8C26B5221F007478D7 /* BaseModelProtocol.swift in Sources */ = {isa = PBXBuildFile; fileRef = 957B1E6C26B5221F007478D7 /* BaseModelProtocol.swift */; };
		957B1E8D26B5221F007478D7 /* UserModel.swift in Sources */ = {isa = PBXBuildFile; fileRef = 957B1E6D26B5221F007478D7 /* UserModel.swift */; };
		957B1E8F26B5221F007478D7 /* Constants.swift in Sources */ = {isa = PBXBuildFile; fileRef = 957B1E7026B5221F007478D7 /* Constants.swift */; };
		957B1E9026B5221F007478D7 /* QRScannerView.swift in Sources */ = {isa = PBXBuildFile; fileRef = 957B1E7126B5221F007478D7 /* QRScannerView.swift */; };
		957B1E9126B5221F007478D7 /* IBDesignExtender.swift in Sources */ = {isa = PBXBuildFile; fileRef = 957B1E7226B5221F007478D7 /* IBDesignExtender.swift */; };
		957B1E9426B5221F007478D7 /* SharedPreference.swift in Sources */ = {isa = PBXBuildFile; fileRef = 957B1E7526B5221F007478D7 /* SharedPreference.swift */; };
		957B1E9526B5221F007478D7 /* AppPreferences.swift in Sources */ = {isa = PBXBuildFile; fileRef = 957B1E7626B5221F007478D7 /* AppPreferences.swift */; };
		957B1E9626B5221F007478D7 /* CustomExtension.swift in Sources */ = {isa = PBXBuildFile; fileRef = 957B1E7726B5221F007478D7 /* CustomExtension.swift */; };
		957B1E9D26B5221F007478D7 /* Utils.swift in Sources */ = {isa = PBXBuildFile; fileRef = 957B1E7F26B5221F007478D7 /* Utils.swift */; };
		957B1E9F26B5221F007478D7 /* PueoTextFild.swift in Sources */ = {isa = PBXBuildFile; fileRef = 957B1E8126B5221F007478D7 /* PueoTextFild.swift */; };
		957B1EA326B5226B007478D7 /* Alamofire in Frameworks */ = {isa = PBXBuildFile; productRef = 957B1EA226B5226B007478D7 /* Alamofire */; };
		957B1EA726B522C1007478D7 /* ObjectMapper in Frameworks */ = {isa = PBXBuildFile; productRef = 957B1EA626B522C1007478D7 /* ObjectMapper */; };
		957B1EAC26B52663007478D7 /* CellImages.swift in Sources */ = {isa = PBXBuildFile; fileRef = 957B1EAB26B52663007478D7 /* CellImages.swift */; };
		957B1EAF26B526F4007478D7 /* BaseViewController.swift in Sources */ = {isa = PBXBuildFile; fileRef = 957B1EAE26B526F4007478D7 /* BaseViewController.swift */; };
		957B1EB226B52827007478D7 /* LoadImagesVM.swift in Sources */ = {isa = PBXBuildFile; fileRef = 957B1EB126B52827007478D7 /* LoadImagesVM.swift */; };
		957B1EB526B52C12007478D7 /* SDWebImage in Frameworks */ = {isa = PBXBuildFile; productRef = 957B1EB426B52C12007478D7 /* SDWebImage */; };
		957B1EB726B52C12007478D7 /* SDWebImageMapKit in Frameworks */ = {isa = PBXBuildFile; productRef = 957B1EB626B52C12007478D7 /* SDWebImageMapKit */; };
		957B1EBB26B5D048007478D7 /* Reachability in Frameworks */ = {isa = PBXBuildFile; productRef = 957B1EBA26B5D048007478D7 /* Reachability */; };
		FDE411FF5A5D7DC7C7D02BEF /* Pods_TableViewImageLoadPOC_TableViewImageLoadPOCUITests.framework in Frameworks */ = {isa = PBXBuildFile; fileRef = 674F9EA62A83DA188F1059E9 /* Pods_TableViewImageLoadPOC_TableViewImageLoadPOCUITests.framework */; };
/* End PBXBuildFile section */

/* Begin PBXContainerItemProxy section */
		957B1E4526B51368007478D7 /* PBXContainerItemProxy */ = {
			isa = PBXContainerItemProxy;
			containerPortal = 957B1E2326B51364007478D7 /* Project object */;
			proxyType = 1;
			remoteGlobalIDString = 957B1E2A26B51364007478D7;
			remoteInfo = TableViewImageLoadPOC;
		};
		957B1E5026B51368007478D7 /* PBXContainerItemProxy */ = {
			isa = PBXContainerItemProxy;
			containerPortal = 957B1E2326B51364007478D7 /* Project object */;
			proxyType = 1;
			remoteGlobalIDString = 957B1E2A26B51364007478D7;
			remoteInfo = TableViewImageLoadPOC;
		};
/* End PBXContainerItemProxy section */

/* Begin PBXFileReference section */
		20CEFE62853B26BAC3BBCDD3 /* Pods-TableViewImageLoadPOC-TableViewImageLoadPOCUITests.debug.xcconfig */ = {isa = PBXFileReference; includeInIndex = 1; lastKnownFileType = text.xcconfig; name = "Pods-TableViewImageLoadPOC-TableViewImageLoadPOCUITests.debug.xcconfig"; path = "Target Support Files/Pods-TableViewImageLoadPOC-TableViewImageLoadPOCUITests/Pods-TableViewImageLoadPOC-TableViewImageLoadPOCUITests.debug.xcconfig"; sourceTree = "<group>"; };
		359141CA8398DD3DD119293D /* Pods-TableViewImageLoadPOCTests.debug.xcconfig */ = {isa = PBXFileReference; includeInIndex = 1; lastKnownFileType = text.xcconfig; name = "Pods-TableViewImageLoadPOCTests.debug.xcconfig"; path = "Target Support Files/Pods-TableViewImageLoadPOCTests/Pods-TableViewImageLoadPOCTests.debug.xcconfig"; sourceTree = "<group>"; };
		52BD680707768C85E6157860 /* Pods_TableViewImageLoadPOC.framework */ = {isa = PBXFileReference; explicitFileType = wrapper.framework; includeInIndex = 0; path = Pods_TableViewImageLoadPOC.framework; sourceTree = BUILT_PRODUCTS_DIR; };
		54539E523335898C71AFB5B1 /* Pods_TableViewImageLoadPOCTests.framework */ = {isa = PBXFileReference; explicitFileType = wrapper.framework; includeInIndex = 0; path = Pods_TableViewImageLoadPOCTests.framework; sourceTree = BUILT_PRODUCTS_DIR; };
		674F9EA62A83DA188F1059E9 /* Pods_TableViewImageLoadPOC_TableViewImageLoadPOCUITests.framework */ = {isa = PBXFileReference; explicitFileType = wrapper.framework; includeInIndex = 0; path = Pods_TableViewImageLoadPOC_TableViewImageLoadPOCUITests.framework; sourceTree = BUILT_PRODUCTS_DIR; };
		8DA46EE530D39C66075105FD /* Pods-TableViewImageLoadPOC.debug.xcconfig */ = {isa = PBXFileReference; includeInIndex = 1; lastKnownFileType = text.xcconfig; name = "Pods-TableViewImageLoadPOC.debug.xcconfig"; path = "Target Support Files/Pods-TableViewImageLoadPOC/Pods-TableViewImageLoadPOC.debug.xcconfig"; sourceTree = "<group>"; };
		957B1E2B26B51364007478D7 /* TableViewImageLoadPOC.app */ = {isa = PBXFileReference; explicitFileType = wrapper.application; includeInIndex = 0; path = TableViewImageLoadPOC.app; sourceTree = BUILT_PRODUCTS_DIR; };
		957B1E2E26B51364007478D7 /* AppDelegate.swift */ = {isa = PBXFileReference; lastKnownFileType = sourcecode.swift; path = AppDelegate.swift; sourceTree = "<group>"; };
		957B1E3026B51364007478D7 /* SceneDelegate.swift */ = {isa = PBXFileReference; lastKnownFileType = sourcecode.swift; path = SceneDelegate.swift; sourceTree = "<group>"; };
		957B1E3226B51364007478D7 /* LoadeImagesVC.swift */ = {isa = PBXFileReference; lastKnownFileType = sourcecode.swift; path = LoadeImagesVC.swift; sourceTree = "<group>"; };
		957B1E3526B51364007478D7 /* Base */ = {isa = PBXFileReference; lastKnownFileType = file.storyboard; name = Base; path = Base.lproj/Main.storyboard; sourceTree = "<group>"; };
		957B1E3826B51364007478D7 /* TableViewImageLoadPOC.xcdatamodel */ = {isa = PBXFileReference; lastKnownFileType = wrapper.xcdatamodel; path = TableViewImageLoadPOC.xcdatamodel; sourceTree = "<group>"; };
		957B1E3A26B51367007478D7 /* Assets.xcassets */ = {isa = PBXFileReference; lastKnownFileType = folder.assetcatalog; path = Assets.xcassets; sourceTree = "<group>"; };
		957B1E3D26B51367007478D7 /* Base */ = {isa = PBXFileReference; lastKnownFileType = file.storyboard; name = Base; path = Base.lproj/LaunchScreen.storyboard; sourceTree = "<group>"; };
		957B1E3F26B51367007478D7 /* Info.plist */ = {isa = PBXFileReference; lastKnownFileType = text.plist.xml; path = Info.plist; sourceTree = "<group>"; };
		957B1E4426B51368007478D7 /* TableViewImageLoadPOCTests.xctest */ = {isa = PBXFileReference; explicitFileType = wrapper.cfbundle; includeInIndex = 0; path = TableViewImageLoadPOCTests.xctest; sourceTree = BUILT_PRODUCTS_DIR; };
		957B1E4826B51368007478D7 /* TableViewImageLoadPOCTests.swift */ = {isa = PBXFileReference; lastKnownFileType = sourcecode.swift; path = TableViewImageLoadPOCTests.swift; sourceTree = "<group>"; };
		957B1E4A26B51368007478D7 /* Info.plist */ = {isa = PBXFileReference; lastKnownFileType = text.plist.xml; path = Info.plist; sourceTree = "<group>"; };
		957B1E4F26B51368007478D7 /* TableViewImageLoadPOCUITests.xctest */ = {isa = PBXFileReference; explicitFileType = wrapper.cfbundle; includeInIndex = 0; path = TableViewImageLoadPOCUITests.xctest; sourceTree = BUILT_PRODUCTS_DIR; };
		957B1E5326B51368007478D7 /* TableViewImageLoadPOCUITests.swift */ = {isa = PBXFileReference; lastKnownFileType = sourcecode.swift; path = TableViewImageLoadPOCUITests.swift; sourceTree = "<group>"; };
		957B1E5526B51368007478D7 /* Info.plist */ = {isa = PBXFileReference; lastKnownFileType = text.plist.xml; path = Info.plist; sourceTree = "<group>"; };
		957B1E6226B5221F007478D7 /* ApiConstant.swift */ = {isa = PBXFileReference; fileEncoding = 4; lastKnownFileType = sourcecode.swift; path = ApiConstant.swift; sourceTree = "<group>"; };
		957B1E6326B5221F007478D7 /* Error.swift */ = {isa = PBXFileReference; fileEncoding = 4; lastKnownFileType = sourcecode.swift; path = Error.swift; sourceTree = "<group>"; };
		957B1E6426B5221F007478D7 /* Result.swift */ = {isa = PBXFileReference; fileEncoding = 4; lastKnownFileType = sourcecode.swift; path = Result.swift; sourceTree = "<group>"; };
		957B1E6526B5221F007478D7 /* Network.swift */ = {isa = PBXFileReference; fileEncoding = 4; lastKnownFileType = sourcecode.swift; path = Network.swift; sourceTree = "<group>"; };
		957B1E6626B5221F007478D7 /* ApiManager.swift */ = {isa = PBXFileReference; fileEncoding = 4; lastKnownFileType = sourcecode.swift; path = ApiManager.swift; sourceTree = "<group>"; };
		957B1E6726B5221F007478D7 /* Server.swift */ = {isa = PBXFileReference; fileEncoding = 4; lastKnownFileType = sourcecode.swift; path = Server.swift; sourceTree = "<group>"; };
		957B1E6826B5221F007478D7 /* Debug.swift */ = {isa = PBXFileReference; fileEncoding = 4; lastKnownFileType = sourcecode.swift; path = Debug.swift; sourceTree = "<group>"; };
		957B1E6A26B5221F007478D7 /* GroupModal.swift */ = {isa = PBXFileReference; fileEncoding = 4; lastKnownFileType = sourcecode.swift; path = GroupModal.swift; sourceTree = "<group>"; };
		957B1E6B26B5221F007478D7 /* ChatModal.swift */ = {isa = PBXFileReference; fileEncoding = 4; lastKnownFileType = sourcecode.swift; path = ChatModal.swift; sourceTree = "<group>"; };
		957B1E6C26B5221F007478D7 /* BaseModelProtocol.swift */ = {isa = PBXFileReference; fileEncoding = 4; lastKnownFileType = sourcecode.swift; path = BaseModelProtocol.swift; sourceTree = "<group>"; };
		957B1E6D26B5221F007478D7 /* UserModel.swift */ = {isa = PBXFileReference; fileEncoding = 4; lastKnownFileType = sourcecode.swift; path = UserModel.swift; sourceTree = "<group>"; };
		957B1E7026B5221F007478D7 /* Constants.swift */ = {isa = PBXFileReference; fileEncoding = 4; lastKnownFileType = sourcecode.swift; path = Constants.swift; sourceTree = "<group>"; };
		957B1E7126B5221F007478D7 /* QRScannerView.swift */ = {isa = PBXFileReference; fileEncoding = 4; lastKnownFileType = sourcecode.swift; path = QRScannerView.swift; sourceTree = "<group>"; };
		957B1E7226B5221F007478D7 /* IBDesignExtender.swift */ = {isa = PBXFileReference; fileEncoding = 4; lastKnownFileType = sourcecode.swift; path = IBDesignExtender.swift; sourceTree = "<group>"; };
		957B1E7526B5221F007478D7 /* SharedPreference.swift */ = {isa = PBXFileReference; fileEncoding = 4; lastKnownFileType = sourcecode.swift; path = SharedPreference.swift; sourceTree = "<group>"; };
		957B1E7626B5221F007478D7 /* AppPreferences.swift */ = {isa = PBXFileReference; fileEncoding = 4; lastKnownFileType = sourcecode.swift; path = AppPreferences.swift; sourceTree = "<group>"; };
		957B1E7726B5221F007478D7 /* CustomExtension.swift */ = {isa = PBXFileReference; fileEncoding = 4; lastKnownFileType = sourcecode.swift; path = CustomExtension.swift; sourceTree = "<group>"; };
		957B1E7F26B5221F007478D7 /* Utils.swift */ = {isa = PBXFileReference; fileEncoding = 4; lastKnownFileType = sourcecode.swift; path = Utils.swift; sourceTree = "<group>"; };
		957B1E8126B5221F007478D7 /* PueoTextFild.swift */ = {isa = PBXFileReference; fileEncoding = 4; lastKnownFileType = sourcecode.swift; path = PueoTextFild.swift; sourceTree = "<group>"; };
		957B1EAB26B52663007478D7 /* CellImages.swift */ = {isa = PBXFileReference; lastKnownFileType = sourcecode.swift; path = CellImages.swift; sourceTree = "<group>"; };
		957B1EAE26B526F4007478D7 /* BaseViewController.swift */ = {isa = PBXFileReference; fileEncoding = 4; lastKnownFileType = sourcecode.swift; path = BaseViewController.swift; sourceTree = "<group>"; };
		957B1EB126B52827007478D7 /* LoadImagesVM.swift */ = {isa = PBXFileReference; lastKnownFileType = sourcecode.swift; path = LoadImagesVM.swift; sourceTree = "<group>"; };
		99FA13EAB77C849DE4A6B5E6 /* Pods-TableViewImageLoadPOC-TableViewImageLoadPOCUITests.release.xcconfig */ = {isa = PBXFileReference; includeInIndex = 1; lastKnownFileType = text.xcconfig; name = "Pods-TableViewImageLoadPOC-TableViewImageLoadPOCUITests.release.xcconfig"; path = "Target Support Files/Pods-TableViewImageLoadPOC-TableViewImageLoadPOCUITests/Pods-TableViewImageLoadPOC-TableViewImageLoadPOCUITests.release.xcconfig"; sourceTree = "<group>"; };
		CC276CFA8F8C388F3F4D8438 /* Pods-TableViewImageLoadPOC.release.xcconfig */ = {isa = PBXFileReference; includeInIndex = 1; lastKnownFileType = text.xcconfig; name = "Pods-TableViewImageLoadPOC.release.xcconfig"; path = "Target Support Files/Pods-TableViewImageLoadPOC/Pods-TableViewImageLoadPOC.release.xcconfig"; sourceTree = "<group>"; };
		E1FFDFB277B4F1DB35FBD85E /* Pods-TableViewImageLoadPOCTests.release.xcconfig */ = {isa = PBXFileReference; includeInIndex = 1; lastKnownFileType = text.xcconfig; name = "Pods-TableViewImageLoadPOCTests.release.xcconfig"; path = "Target Support Files/Pods-TableViewImageLoadPOCTests/Pods-TableViewImageLoadPOCTests.release.xcconfig"; sourceTree = "<group>"; };
/* End PBXFileReference section */

/* Begin PBXFrameworksBuildPhase section */
		957B1E2826B51364007478D7 /* Frameworks */ = {
			isa = PBXFrameworksBuildPhase;
			buildActionMask = 2147483647;
			files = (
				957B1EB526B52C12007478D7 /* SDWebImage in Frameworks */,
				957B1EA726B522C1007478D7 /* ObjectMapper in Frameworks */,
				957B1EBB26B5D048007478D7 /* Reachability in Frameworks */,
				957B1EB726B52C12007478D7 /* SDWebImageMapKit in Frameworks */,
				957B1EA326B5226B007478D7 /* Alamofire in Frameworks */,
				57AFE43622B0760B26538D2A /* Pods_TableViewImageLoadPOC.framework in Frameworks */,
			);
			runOnlyForDeploymentPostprocessing = 0;
		};
		957B1E4126B51368007478D7 /* Frameworks */ = {
			isa = PBXFrameworksBuildPhase;
			buildActionMask = 2147483647;
			files = (
				30C7DAC215DD2FD8D670D3A8 /* Pods_TableViewImageLoadPOCTests.framework in Frameworks */,
			);
			runOnlyForDeploymentPostprocessing = 0;
		};
		957B1E4C26B51368007478D7 /* Frameworks */ = {
			isa = PBXFrameworksBuildPhase;
			buildActionMask = 2147483647;
			files = (
				FDE411FF5A5D7DC7C7D02BEF /* Pods_TableViewImageLoadPOC_TableViewImageLoadPOCUITests.framework in Frameworks */,
			);
			runOnlyForDeploymentPostprocessing = 0;
		};
/* End PBXFrameworksBuildPhase section */

/* Begin PBXGroup section */
		4494044E5D36B8E90BF94AAB /* Pods */ = {
			isa = PBXGroup;
			children = (
				8DA46EE530D39C66075105FD /* Pods-TableViewImageLoadPOC.debug.xcconfig */,
				CC276CFA8F8C388F3F4D8438 /* Pods-TableViewImageLoadPOC.release.xcconfig */,
				20CEFE62853B26BAC3BBCDD3 /* Pods-TableViewImageLoadPOC-TableViewImageLoadPOCUITests.debug.xcconfig */,
				99FA13EAB77C849DE4A6B5E6 /* Pods-TableViewImageLoadPOC-TableViewImageLoadPOCUITests.release.xcconfig */,
				359141CA8398DD3DD119293D /* Pods-TableViewImageLoadPOCTests.debug.xcconfig */,
				E1FFDFB277B4F1DB35FBD85E /* Pods-TableViewImageLoadPOCTests.release.xcconfig */,
			);
			name = Pods;
			path = Pods;
			sourceTree = "<group>";
		};
		957B1E2226B51364007478D7 = {
			isa = PBXGroup;
			children = (
				957B1E2D26B51364007478D7 /* TableViewImageLoadPOC */,
				957B1E4726B51368007478D7 /* TableViewImageLoadPOCTests */,
				957B1E5226B51368007478D7 /* TableViewImageLoadPOCUITests */,
				957B1E2C26B51364007478D7 /* Products */,
				4494044E5D36B8E90BF94AAB /* Pods */,
				9999F65C98F5400D459795D4 /* Frameworks */,
			);
			sourceTree = "<group>";
		};
		957B1E2C26B51364007478D7 /* Products */ = {
			isa = PBXGroup;
			children = (
				957B1E2B26B51364007478D7 /* TableViewImageLoadPOC.app */,
				957B1E4426B51368007478D7 /* TableViewImageLoadPOCTests.xctest */,
				957B1E4F26B51368007478D7 /* TableViewImageLoadPOCUITests.xctest */,
			);
			name = Products;
			sourceTree = "<group>";
		};
		957B1E2D26B51364007478D7 /* TableViewImageLoadPOC */ = {
			isa = PBXGroup;
			children = (
				957B1EAD26B526F4007478D7 /* BaseViewController */,
				957B1EA826B52583007478D7 /* Resources */,
				957B1E6F26B5221F007478D7 /* Helper */,
				957B1E6126B5221F007478D7 /* Network */,
				957B1E6926B5221F007478D7 /* Model */,
				957B1EA926B52592007478D7 /* View */,
				957B1EB026B527CA007478D7 /* ViewModal */,
				957B1EB826B53232007478D7 /* Cell */,
				957B1EAA26B5262E007478D7 /* Board */,
				957B1E3A26B51367007478D7 /* Assets.xcassets */,
				957B1E3F26B51367007478D7 /* Info.plist */,
				957B1E3726B51364007478D7 /* TableViewImageLoadPOC.xcdatamodeld */,
			);
			path = TableViewImageLoadPOC;
			sourceTree = "<group>";
		};
		957B1E4726B51368007478D7 /* TableViewImageLoadPOCTests */ = {
			isa = PBXGroup;
			children = (
				957B1E4826B51368007478D7 /* TableViewImageLoadPOCTests.swift */,
				957B1E4A26B51368007478D7 /* Info.plist */,
			);
			path = TableViewImageLoadPOCTests;
			sourceTree = "<group>";
		};
		957B1E5226B51368007478D7 /* TableViewImageLoadPOCUITests */ = {
			isa = PBXGroup;
			children = (
				957B1E5326B51368007478D7 /* TableViewImageLoadPOCUITests.swift */,
				957B1E5526B51368007478D7 /* Info.plist */,
			);
			path = TableViewImageLoadPOCUITests;
			sourceTree = "<group>";
		};
		957B1E6126B5221F007478D7 /* Network */ = {
			isa = PBXGroup;
			children = (
				957B1E6226B5221F007478D7 /* ApiConstant.swift */,
				957B1E6326B5221F007478D7 /* Error.swift */,
				957B1E6426B5221F007478D7 /* Result.swift */,
				957B1E6526B5221F007478D7 /* Network.swift */,
				957B1E6626B5221F007478D7 /* ApiManager.swift */,
				957B1E6726B5221F007478D7 /* Server.swift */,
				957B1E6826B5221F007478D7 /* Debug.swift */,
			);
			path = Network;
			sourceTree = "<group>";
		};
		957B1E6926B5221F007478D7 /* Model */ = {
			isa = PBXGroup;
			children = (
				957B1E6A26B5221F007478D7 /* GroupModal.swift */,
				957B1E6B26B5221F007478D7 /* ChatModal.swift */,
				957B1E6C26B5221F007478D7 /* BaseModelProtocol.swift */,
				957B1E6D26B5221F007478D7 /* UserModel.swift */,
			);
			path = Model;
			sourceTree = "<group>";
		};
		957B1E6F26B5221F007478D7 /* Helper */ = {
			isa = PBXGroup;
			children = (
				957B1E7026B5221F007478D7 /* Constants.swift */,
				957B1E7126B5221F007478D7 /* QRScannerView.swift */,
				957B1E7526B5221F007478D7 /* SharedPreference.swift */,
				957B1E7626B5221F007478D7 /* AppPreferences.swift */,
				957B1E7826B5221F007478D7 /* UI Design */,
				957B1E7F26B5221F007478D7 /* Utils.swift */,
			);
			path = Helper;
			sourceTree = "<group>";
		};
		957B1E7826B5221F007478D7 /* UI Design */ = {
			isa = PBXGroup;
			children = (
				957B1E8126B5221F007478D7 /* PueoTextFild.swift */,
				957B1E7726B5221F007478D7 /* CustomExtension.swift */,
				957B1E7226B5221F007478D7 /* IBDesignExtender.swift */,
			);
			path = "UI Design";
			sourceTree = "<group>";
		};
		957B1EA826B52583007478D7 /* Resources */ = {
			isa = PBXGroup;
			children = (
				957B1E2E26B51364007478D7 /* AppDelegate.swift */,
				957B1E3026B51364007478D7 /* SceneDelegate.swift */,
			);
			path = Resources;
			sourceTree = "<group>";
		};
		957B1EA926B52592007478D7 /* View */ = {
			isa = PBXGroup;
			children = (
				957B1E3226B51364007478D7 /* LoadeImagesVC.swift */,
			);
			path = View;
			sourceTree = "<group>";
		};
		957B1EAA26B5262E007478D7 /* Board */ = {
			isa = PBXGroup;
			children = (
				957B1E3426B51364007478D7 /* Main.storyboard */,
				957B1E3C26B51367007478D7 /* LaunchScreen.storyboard */,
			);
			path = Board;
			sourceTree = "<group>";
		};
		957B1EAD26B526F4007478D7 /* BaseViewController */ = {
			isa = PBXGroup;
			children = (
				957B1EAE26B526F4007478D7 /* BaseViewController.swift */,
			);
			path = BaseViewController;
			sourceTree = "<group>";
		};
		957B1EB026B527CA007478D7 /* ViewModal */ = {
			isa = PBXGroup;
			children = (
				957B1EB126B52827007478D7 /* LoadImagesVM.swift */,
			);
			path = ViewModal;
			sourceTree = "<group>";
		};
		957B1EB826B53232007478D7 /* Cell */ = {
			isa = PBXGroup;
			children = (
				957B1EAB26B52663007478D7 /* CellImages.swift */,
			);
			path = Cell;
			sourceTree = "<group>";
		};
		9999F65C98F5400D459795D4 /* Frameworks */ = {
			isa = PBXGroup;
			children = (
				52BD680707768C85E6157860 /* Pods_TableViewImageLoadPOC.framework */,
				674F9EA62A83DA188F1059E9 /* Pods_TableViewImageLoadPOC_TableViewImageLoadPOCUITests.framework */,
				54539E523335898C71AFB5B1 /* Pods_TableViewImageLoadPOCTests.framework */,
			);
			name = Frameworks;
			sourceTree = "<group>";
		};
/* End PBXGroup section */

/* Begin PBXNativeTarget section */
		957B1E2A26B51364007478D7 /* TableViewImageLoadPOC */ = {
			isa = PBXNativeTarget;
			buildConfigurationList = 957B1E5826B51368007478D7 /* Build configuration list for PBXNativeTarget "TableViewImageLoadPOC" */;
			buildPhases = (
				86D2572680FBD83E8F387FAD /* [CP] Check Pods Manifest.lock */,
				957B1E2726B51364007478D7 /* Sources */,
				957B1E2826B51364007478D7 /* Frameworks */,
				957B1E2926B51364007478D7 /* Resources */,
				961EAA33E553A25DF48F93CE /* [CP] Embed Pods Frameworks */,
			);
			buildRules = (
			);
			dependencies = (
			);
			name = TableViewImageLoadPOC;
			packageProductDependencies = (
				957B1EA226B5226B007478D7 /* Alamofire */,
				957B1EA626B522C1007478D7 /* ObjectMapper */,
				957B1EB426B52C12007478D7 /* SDWebImage */,
				957B1EB626B52C12007478D7 /* SDWebImageMapKit */,
				957B1EBA26B5D048007478D7 /* Reachability */,
			);
			productName = TableViewImageLoadPOC;
			productReference = 957B1E2B26B51364007478D7 /* TableViewImageLoadPOC.app */;
			productType = "com.apple.product-type.application";
		};
		957B1E4326B51368007478D7 /* TableViewImageLoadPOCTests */ = {
			isa = PBXNativeTarget;
			buildConfigurationList = 957B1E5B26B51368007478D7 /* Build configuration list for PBXNativeTarget "TableViewImageLoadPOCTests" */;
			buildPhases = (
				9FE6BD7DF215F27A523F49A8 /* [CP] Check Pods Manifest.lock */,
				957B1E4026B51368007478D7 /* Sources */,
				957B1E4126B51368007478D7 /* Frameworks */,
				957B1E4226B51368007478D7 /* Resources */,
			);
			buildRules = (
			);
			dependencies = (
				957B1E4626B51368007478D7 /* PBXTargetDependency */,
			);
			name = TableViewImageLoadPOCTests;
			productName = TableViewImageLoadPOCTests;
			productReference = 957B1E4426B51368007478D7 /* TableViewImageLoadPOCTests.xctest */;
			productType = "com.apple.product-type.bundle.unit-test";
		};
		957B1E4E26B51368007478D7 /* TableViewImageLoadPOCUITests */ = {
			isa = PBXNativeTarget;
			buildConfigurationList = 957B1E5E26B51368007478D7 /* Build configuration list for PBXNativeTarget "TableViewImageLoadPOCUITests" */;
			buildPhases = (
				CE85A272B797FDD56EB4CCB0 /* [CP] Check Pods Manifest.lock */,
				957B1E4B26B51368007478D7 /* Sources */,
				957B1E4C26B51368007478D7 /* Frameworks */,
				957B1E4D26B51368007478D7 /* Resources */,
				E6CF1EDE206F8FD879D152F9 /* [CP] Embed Pods Frameworks */,
			);
			buildRules = (
			);
			dependencies = (
				957B1E5126B51368007478D7 /* PBXTargetDependency */,
			);
			name = TableViewImageLoadPOCUITests;
			productName = TableViewImageLoadPOCUITests;
			productReference = 957B1E4F26B51368007478D7 /* TableViewImageLoadPOCUITests.xctest */;
			productType = "com.apple.product-type.bundle.ui-testing";
		};
/* End PBXNativeTarget section */

/* Begin PBXProject section */
		957B1E2326B51364007478D7 /* Project object */ = {
			isa = PBXProject;
			attributes = {
				LastSwiftUpdateCheck = 1250;
				LastUpgradeCheck = 1250;
				TargetAttributes = {
					957B1E2A26B51364007478D7 = {
						CreatedOnToolsVersion = 12.5.1;
					};
					957B1E4326B51368007478D7 = {
						CreatedOnToolsVersion = 12.5.1;
						TestTargetID = 957B1E2A26B51364007478D7;
					};
					957B1E4E26B51368007478D7 = {
						CreatedOnToolsVersion = 12.5.1;
						TestTargetID = 957B1E2A26B51364007478D7;
					};
				};
			};
			buildConfigurationList = 957B1E2626B51364007478D7 /* Build configuration list for PBXProject "TableViewImageLoadPOC" */;
			compatibilityVersion = "Xcode 9.3";
			developmentRegion = en;
			hasScannedForEncodings = 0;
			knownRegions = (
				en,
				Base,
			);
			mainGroup = 957B1E2226B51364007478D7;
			packageReferences = (
				957B1EA126B5226A007478D7 /* XCRemoteSwiftPackageReference "Alamofire.git" */,
				957B1EA526B522C1007478D7 /* XCRemoteSwiftPackageReference "ObjectMapper.git" */,
				957B1EB326B52C12007478D7 /* XCRemoteSwiftPackageReference "SDWebImage.git" */,
				957B1EB926B5D048007478D7 /* XCRemoteSwiftPackageReference "Reachability.swift" */,
			);
			productRefGroup = 957B1E2C26B51364007478D7 /* Products */;
			projectDirPath = "";
			projectRoot = "";
			targets = (
				957B1E2A26B51364007478D7 /* TableViewImageLoadPOC */,
				957B1E4326B51368007478D7 /* TableViewImageLoadPOCTests */,
				957B1E4E26B51368007478D7 /* TableViewImageLoadPOCUITests */,
			);
		};
/* End PBXProject section */

/* Begin PBXResourcesBuildPhase section */
		957B1E2926B51364007478D7 /* Resources */ = {
			isa = PBXResourcesBuildPhase;
			buildActionMask = 2147483647;
			files = (
				957B1E3E26B51367007478D7 /* LaunchScreen.storyboard in Resources */,
				957B1E3B26B51367007478D7 /* Assets.xcassets in Resources */,
				957B1E3626B51364007478D7 /* Main.storyboard in Resources */,
			);
			runOnlyForDeploymentPostprocessing = 0;
		};
		957B1E4226B51368007478D7 /* Resources */ = {
			isa = PBXResourcesBuildPhase;
			buildActionMask = 2147483647;
			files = (
			);
			runOnlyForDeploymentPostprocessing = 0;
		};
		957B1E4D26B51368007478D7 /* Resources */ = {
			isa = PBXResourcesBuildPhase;
			buildActionMask = 2147483647;
			files = (
			);
			runOnlyForDeploymentPostprocessing = 0;
		};
/* End PBXResourcesBuildPhase section */

/* Begin PBXShellScriptBuildPhase section */
		86D2572680FBD83E8F387FAD /* [CP] Check Pods Manifest.lock */ = {
			isa = PBXShellScriptBuildPhase;
			buildActionMask = 2147483647;
			files = (
			);
			inputFileListPaths = (
			);
			inputPaths = (
				"${PODS_PODFILE_DIR_PATH}/Podfile.lock",
				"${PODS_ROOT}/Manifest.lock",
			);
			name = "[CP] Check Pods Manifest.lock";
			outputFileListPaths = (
			);
			outputPaths = (
				"$(DERIVED_FILE_DIR)/Pods-TableViewImageLoadPOC-checkManifestLockResult.txt",
			);
			runOnlyForDeploymentPostprocessing = 0;
			shellPath = /bin/sh;
			shellScript = "diff \"${PODS_PODFILE_DIR_PATH}/Podfile.lock\" \"${PODS_ROOT}/Manifest.lock\" > /dev/null\nif [ $? != 0 ] ; then\n    # print error to STDERR\n    echo \"error: The sandbox is not in sync with the Podfile.lock. Run 'pod install' or update your CocoaPods installation.\" >&2\n    exit 1\nfi\n# This output is used by Xcode 'outputs' to avoid re-running this script phase.\necho \"SUCCESS\" > \"${SCRIPT_OUTPUT_FILE_0}\"\n";
			showEnvVarsInLog = 0;
		};
		961EAA33E553A25DF48F93CE /* [CP] Embed Pods Frameworks */ = {
			isa = PBXShellScriptBuildPhase;
			buildActionMask = 2147483647;
			files = (
			);
			inputFileListPaths = (
				"${PODS_ROOT}/Target Support Files/Pods-TableViewImageLoadPOC/Pods-TableViewImageLoadPOC-frameworks-${CONFIGURATION}-input-files.xcfilelist",
			);
			name = "[CP] Embed Pods Frameworks";
			outputFileListPaths = (
				"${PODS_ROOT}/Target Support Files/Pods-TableViewImageLoadPOC/Pods-TableViewImageLoadPOC-frameworks-${CONFIGURATION}-output-files.xcfilelist",
			);
			runOnlyForDeploymentPostprocessing = 0;
			shellPath = /bin/sh;
			shellScript = "\"${PODS_ROOT}/Target Support Files/Pods-TableViewImageLoadPOC/Pods-TableViewImageLoadPOC-frameworks.sh\"\n";
			showEnvVarsInLog = 0;
		};
		9FE6BD7DF215F27A523F49A8 /* [CP] Check Pods Manifest.lock */ = {
			isa = PBXShellScriptBuildPhase;
			buildActionMask = 2147483647;
			files = (
			);
			inputFileListPaths = (
			);
			inputPaths = (
				"${PODS_PODFILE_DIR_PATH}/Podfile.lock",
				"${PODS_ROOT}/Manifest.lock",
			);
			name = "[CP] Check Pods Manifest.lock";
			outputFileListPaths = (
			);
			outputPaths = (
				"$(DERIVED_FILE_DIR)/Pods-TableViewImageLoadPOCTests-checkManifestLockResult.txt",
			);
			runOnlyForDeploymentPostprocessing = 0;
			shellPath = /bin/sh;
			shellScript = "diff \"${PODS_PODFILE_DIR_PATH}/Podfile.lock\" \"${PODS_ROOT}/Manifest.lock\" > /dev/null\nif [ $? != 0 ] ; then\n    # print error to STDERR\n    echo \"error: The sandbox is not in sync with the Podfile.lock. Run 'pod install' or update your CocoaPods installation.\" >&2\n    exit 1\nfi\n# This output is used by Xcode 'outputs' to avoid re-running this script phase.\necho \"SUCCESS\" > \"${SCRIPT_OUTPUT_FILE_0}\"\n";
			showEnvVarsInLog = 0;
		};
		CE85A272B797FDD56EB4CCB0 /* [CP] Check Pods Manifest.lock */ = {
			isa = PBXShellScriptBuildPhase;
			buildActionMask = 2147483647;
			files = (
			);
			inputFileListPaths = (
			);
			inputPaths = (
				"${PODS_PODFILE_DIR_PATH}/Podfile.lock",
				"${PODS_ROOT}/Manifest.lock",
			);
			name = "[CP] Check Pods Manifest.lock";
			outputFileListPaths = (
			);
			outputPaths = (
				"$(DERIVED_FILE_DIR)/Pods-TableViewImageLoadPOC-TableViewImageLoadPOCUITests-checkManifestLockResult.txt",
			);
			runOnlyForDeploymentPostprocessing = 0;
			shellPath = /bin/sh;
			shellScript = "diff \"${PODS_PODFILE_DIR_PATH}/Podfile.lock\" \"${PODS_ROOT}/Manifest.lock\" > /dev/null\nif [ $? != 0 ] ; then\n    # print error to STDERR\n    echo \"error: The sandbox is not in sync with the Podfile.lock. Run 'pod install' or update your CocoaPods installation.\" >&2\n    exit 1\nfi\n# This output is used by Xcode 'outputs' to avoid re-running this script phase.\necho \"SUCCESS\" > \"${SCRIPT_OUTPUT_FILE_0}\"\n";
			showEnvVarsInLog = 0;
		};
		E6CF1EDE206F8FD879D152F9 /* [CP] Embed Pods Frameworks */ = {
			isa = PBXShellScriptBuildPhase;
			buildActionMask = 2147483647;
			files = (
			);
			inputFileListPaths = (
				"${PODS_ROOT}/Target Support Files/Pods-TableViewImageLoadPOC-TableViewImageLoadPOCUITests/Pods-TableViewImageLoadPOC-TableViewImageLoadPOCUITests-frameworks-${CONFIGURATION}-input-files.xcfilelist",
			);
			name = "[CP] Embed Pods Frameworks";
			outputFileListPaths = (
				"${PODS_ROOT}/Target Support Files/Pods-TableViewImageLoadPOC-TableViewImageLoadPOCUITests/Pods-TableViewImageLoadPOC-TableViewImageLoadPOCUITests-frameworks-${CONFIGURATION}-output-files.xcfilelist",
			);
			runOnlyForDeploymentPostprocessing = 0;
			shellPath = /bin/sh;
			shellScript = "\"${PODS_ROOT}/Target Support Files/Pods-TableViewImageLoadPOC-TableViewImageLoadPOCUITests/Pods-TableViewImageLoadPOC-TableViewImageLoadPOCUITests-frameworks.sh\"\n";
			showEnvVarsInLog = 0;
		};
/* End PBXShellScriptBuildPhase section */

/* Begin PBXSourcesBuildPhase section */
		957B1E2726B51364007478D7 /* Sources */ = {
			isa = PBXSourcesBuildPhase;
			buildActionMask = 2147483647;
			files = (
				957B1E9626B5221F007478D7 /* CustomExtension.swift in Sources */,
				957B1E8826B5221F007478D7 /* Server.swift in Sources */,
				957B1E8F26B5221F007478D7 /* Constants.swift in Sources */,
				957B1E3326B51364007478D7 /* LoadeImagesVC.swift in Sources */,
				957B1E8C26B5221F007478D7 /* BaseModelProtocol.swift in Sources */,
				957B1E9526B5221F007478D7 /* AppPreferences.swift in Sources */,
				957B1E9026B5221F007478D7 /* QRScannerView.swift in Sources */,
				957B1E8926B5221F007478D7 /* Debug.swift in Sources */,
				957B1E8726B5221F007478D7 /* ApiManager.swift in Sources */,
				957B1E8B26B5221F007478D7 /* ChatModal.swift in Sources */,
				957B1E2F26B51364007478D7 /* AppDelegate.swift in Sources */,
				957B1E8626B5221F007478D7 /* Network.swift in Sources */,
				957B1E9126B5221F007478D7 /* IBDesignExtender.swift in Sources */,
				957B1E3926B51364007478D7 /* TableViewImageLoadPOC.xcdatamodeld in Sources */,
				957B1E8326B5221F007478D7 /* ApiConstant.swift in Sources */,
				957B1E9D26B5221F007478D7 /* Utils.swift in Sources */,
				957B1E8526B5221F007478D7 /* Result.swift in Sources */,
				957B1EAC26B52663007478D7 /* CellImages.swift in Sources */,
				957B1E8A26B5221F007478D7 /* GroupModal.swift in Sources */,
				957B1E8426B5221F007478D7 /* Error.swift in Sources */,
				957B1EB226B52827007478D7 /* LoadImagesVM.swift in Sources */,
				957B1EAF26B526F4007478D7 /* BaseViewController.swift in Sources */,
				957B1E9426B5221F007478D7 /* SharedPreference.swift in Sources */,
				957B1E8D26B5221F007478D7 /* UserModel.swift in Sources */,
				957B1E3126B51364007478D7 /* SceneDelegate.swift in Sources */,
				957B1E9F26B5221F007478D7 /* PueoTextFild.swift in Sources */,
			);
			runOnlyForDeploymentPostprocessing = 0;
		};
		957B1E4026B51368007478D7 /* Sources */ = {
			isa = PBXSourcesBuildPhase;
			buildActionMask = 2147483647;
			files = (
				957B1E4926B51368007478D7 /* TableViewImageLoadPOCTests.swift in Sources */,
			);
			runOnlyForDeploymentPostprocessing = 0;
		};
		957B1E4B26B51368007478D7 /* Sources */ = {
			isa = PBXSourcesBuildPhase;
			buildActionMask = 2147483647;
			files = (
				957B1E5426B51368007478D7 /* TableViewImageLoadPOCUITests.swift in Sources */,
			);
			runOnlyForDeploymentPostprocessing = 0;
		};
/* End PBXSourcesBuildPhase section */

/* Begin PBXTargetDependency section */
		957B1E4626B51368007478D7 /* PBXTargetDependency */ = {
			isa = PBXTargetDependency;
			target = 957B1E2A26B51364007478D7 /* TableViewImageLoadPOC */;
			targetProxy = 957B1E4526B51368007478D7 /* PBXContainerItemProxy */;
		};
		957B1E5126B51368007478D7 /* PBXTargetDependency */ = {
			isa = PBXTargetDependency;
			target = 957B1E2A26B51364007478D7 /* TableViewImageLoadPOC */;
			targetProxy = 957B1E5026B51368007478D7 /* PBXContainerItemProxy */;
		};
/* End PBXTargetDependency section */

/* Begin PBXVariantGroup section */
		957B1E3426B51364007478D7 /* Main.storyboard */ = {
			isa = PBXVariantGroup;
			children = (
				957B1E3526B51364007478D7 /* Base */,
			);
			name = Main.storyboard;
			sourceTree = "<group>";
		};
		957B1E3C26B51367007478D7 /* LaunchScreen.storyboard */ = {
			isa = PBXVariantGroup;
			children = (
				957B1E3D26B51367007478D7 /* Base */,
			);
			name = LaunchScreen.storyboard;
			sourceTree = "<group>";
		};
/* End PBXVariantGroup section */

/* Begin XCBuildConfiguration section */
		957B1E5626B51368007478D7 /* Debug */ = {
			isa = XCBuildConfiguration;
			buildSettings = {
				ALWAYS_SEARCH_USER_PATHS = NO;
				CLANG_ANALYZER_NONNULL = YES;
				CLANG_ANALYZER_NUMBER_OBJECT_CONVERSION = YES_AGGRESSIVE;
				CLANG_CXX_LANGUAGE_STANDARD = "gnu++14";
				CLANG_CXX_LIBRARY = "libc++";
				CLANG_ENABLE_MODULES = YES;
				CLANG_ENABLE_OBJC_ARC = YES;
				CLANG_ENABLE_OBJC_WEAK = YES;
				CLANG_WARN_BLOCK_CAPTURE_AUTORELEASING = YES;
				CLANG_WARN_BOOL_CONVERSION = YES;
				CLANG_WARN_COMMA = YES;
				CLANG_WARN_CONSTANT_CONVERSION = YES;
				CLANG_WARN_DEPRECATED_OBJC_IMPLEMENTATIONS = YES;
				CLANG_WARN_DIRECT_OBJC_ISA_USAGE = YES_ERROR;
				CLANG_WARN_DOCUMENTATION_COMMENTS = YES;
				CLANG_WARN_EMPTY_BODY = YES;
				CLANG_WARN_ENUM_CONVERSION = YES;
				CLANG_WARN_INFINITE_RECURSION = YES;
				CLANG_WARN_INT_CONVERSION = YES;
				CLANG_WARN_NON_LITERAL_NULL_CONVERSION = YES;
				CLANG_WARN_OBJC_IMPLICIT_RETAIN_SELF = YES;
				CLANG_WARN_OBJC_LITERAL_CONVERSION = YES;
				CLANG_WARN_OBJC_ROOT_CLASS = YES_ERROR;
				CLANG_WARN_QUOTED_INCLUDE_IN_FRAMEWORK_HEADER = YES;
				CLANG_WARN_RANGE_LOOP_ANALYSIS = YES;
				CLANG_WARN_STRICT_PROTOTYPES = YES;
				CLANG_WARN_SUSPICIOUS_MOVE = YES;
				CLANG_WARN_UNGUARDED_AVAILABILITY = YES_AGGRESSIVE;
				CLANG_WARN_UNREACHABLE_CODE = YES;
				CLANG_WARN__DUPLICATE_METHOD_MATCH = YES;
				COPY_PHASE_STRIP = NO;
				DEBUG_INFORMATION_FORMAT = dwarf;
				ENABLE_STRICT_OBJC_MSGSEND = YES;
				ENABLE_TESTABILITY = YES;
				GCC_C_LANGUAGE_STANDARD = gnu11;
				GCC_DYNAMIC_NO_PIC = NO;
				GCC_NO_COMMON_BLOCKS = YES;
				GCC_OPTIMIZATION_LEVEL = 0;
				GCC_PREPROCESSOR_DEFINITIONS = (
					"DEBUG=1",
					"$(inherited)",
				);
				GCC_WARN_64_TO_32_BIT_CONVERSION = YES;
				GCC_WARN_ABOUT_RETURN_TYPE = YES_ERROR;
				GCC_WARN_UNDECLARED_SELECTOR = YES;
				GCC_WARN_UNINITIALIZED_AUTOS = YES_AGGRESSIVE;
				GCC_WARN_UNUSED_FUNCTION = YES;
				GCC_WARN_UNUSED_VARIABLE = YES;
				IPHONEOS_DEPLOYMENT_TARGET = 13.0;
				MTL_ENABLE_DEBUG_INFO = INCLUDE_SOURCE;
				MTL_FAST_MATH = YES;
				ONLY_ACTIVE_ARCH = YES;
				SDKROOT = iphoneos;
				SWIFT_ACTIVE_COMPILATION_CONDITIONS = DEBUG;
				SWIFT_OPTIMIZATION_LEVEL = "-Onone";
			};
			name = Debug;
		};
		957B1E5726B51368007478D7 /* Release */ = {
			isa = XCBuildConfiguration;
			buildSettings = {
				ALWAYS_SEARCH_USER_PATHS = NO;
				CLANG_ANALYZER_NONNULL = YES;
				CLANG_ANALYZER_NUMBER_OBJECT_CONVERSION = YES_AGGRESSIVE;
				CLANG_CXX_LANGUAGE_STANDARD = "gnu++14";
				CLANG_CXX_LIBRARY = "libc++";
				CLANG_ENABLE_MODULES = YES;
				CLANG_ENABLE_OBJC_ARC = YES;
				CLANG_ENABLE_OBJC_WEAK = YES;
				CLANG_WARN_BLOCK_CAPTURE_AUTORELEASING = YES;
				CLANG_WARN_BOOL_CONVERSION = YES;
				CLANG_WARN_COMMA = YES;
				CLANG_WARN_CONSTANT_CONVERSION = YES;
				CLANG_WARN_DEPRECATED_OBJC_IMPLEMENTATIONS = YES;
				CLANG_WARN_DIRECT_OBJC_ISA_USAGE = YES_ERROR;
				CLANG_WARN_DOCUMENTATION_COMMENTS = YES;
				CLANG_WARN_EMPTY_BODY = YES;
				CLANG_WARN_ENUM_CONVERSION = YES;
				CLANG_WARN_INFINITE_RECURSION = YES;
				CLANG_WARN_INT_CONVERSION = YES;
				CLANG_WARN_NON_LITERAL_NULL_CONVERSION = YES;
				CLANG_WARN_OBJC_IMPLICIT_RETAIN_SELF = YES;
				CLANG_WARN_OBJC_LITERAL_CONVERSION = YES;
				CLANG_WARN_OBJC_ROOT_CLASS = YES_ERROR;
				CLANG_WARN_QUOTED_INCLUDE_IN_FRAMEWORK_HEADER = YES;
				CLANG_WARN_RANGE_LOOP_ANALYSIS = YES;
				CLANG_WARN_STRICT_PROTOTYPES = YES;
				CLANG_WARN_SUSPICIOUS_MOVE = YES;
				CLANG_WARN_UNGUARDED_AVAILABILITY = YES_AGGRESSIVE;
				CLANG_WARN_UNREACHABLE_CODE = YES;
				CLANG_WARN__DUPLICATE_METHOD_MATCH = YES;
				COPY_PHASE_STRIP = NO;
				DEBUG_INFORMATION_FORMAT = "dwarf-with-dsym";
				ENABLE_NS_ASSERTIONS = NO;
				ENABLE_STRICT_OBJC_MSGSEND = YES;
				GCC_C_LANGUAGE_STANDARD = gnu11;
				GCC_NO_COMMON_BLOCKS = YES;
				GCC_WARN_64_TO_32_BIT_CONVERSION = YES;
				GCC_WARN_ABOUT_RETURN_TYPE = YES_ERROR;
				GCC_WARN_UNDECLARED_SELECTOR = YES;
				GCC_WARN_UNINITIALIZED_AUTOS = YES_AGGRESSIVE;
				GCC_WARN_UNUSED_FUNCTION = YES;
				GCC_WARN_UNUSED_VARIABLE = YES;
				IPHONEOS_DEPLOYMENT_TARGET = 13.0;
				MTL_ENABLE_DEBUG_INFO = NO;
				MTL_FAST_MATH = YES;
				SDKROOT = iphoneos;
				SWIFT_COMPILATION_MODE = wholemodule;
				SWIFT_OPTIMIZATION_LEVEL = "-O";
				VALIDATE_PRODUCT = YES;
			};
			name = Release;
		};
		957B1E5926B51368007478D7 /* Debug */ = {
			isa = XCBuildConfiguration;
			baseConfigurationReference = 8DA46EE530D39C66075105FD /* Pods-TableViewImageLoadPOC.debug.xcconfig */;
			buildSettings = {
				ASSETCATALOG_COMPILER_APPICON_NAME = AppIcon;
				ASSETCATALOG_COMPILER_GLOBAL_ACCENT_COLOR_NAME = AccentColor;
				CODE_SIGN_STYLE = Automatic;
				DEVELOPMENT_TEAM = ZRPL2B2TTJ;
				INFOPLIST_FILE = TableViewImageLoadPOC/Info.plist;
				LD_RUNPATH_SEARCH_PATHS = (
					"$(inherited)",
					"@executable_path/Frameworks",
				);
				PRODUCT_BUNDLE_IDENTIFIER = com.BitcotTechnologies.com.TableViewImageLoadPOC;
				PRODUCT_NAME = "$(TARGET_NAME)";
				SWIFT_VERSION = 5.0;
				TARGETED_DEVICE_FAMILY = "1,2";
			};
			name = Debug;
		};
		957B1E5A26B51368007478D7 /* Release */ = {
			isa = XCBuildConfiguration;
			baseConfigurationReference = CC276CFA8F8C388F3F4D8438 /* Pods-TableViewImageLoadPOC.release.xcconfig */;
			buildSettings = {
				ASSETCATALOG_COMPILER_APPICON_NAME = AppIcon;
				ASSETCATALOG_COMPILER_GLOBAL_ACCENT_COLOR_NAME = AccentColor;
				CODE_SIGN_STYLE = Automatic;
				DEVELOPMENT_TEAM = ZRPL2B2TTJ;
				INFOPLIST_FILE = TableViewImageLoadPOC/Info.plist;
				LD_RUNPATH_SEARCH_PATHS = (
					"$(inherited)",
					"@executable_path/Frameworks",
				);
				PRODUCT_BUNDLE_IDENTIFIER = com.BitcotTechnologies.com.TableViewImageLoadPOC;
				PRODUCT_NAME = "$(TARGET_NAME)";
				SWIFT_VERSION = 5.0;
				TARGETED_DEVICE_FAMILY = "1,2";
			};
			name = Release;
		};
		957B1E5C26B51368007478D7 /* Debug */ = {
			isa = XCBuildConfiguration;
			baseConfigurationReference = 359141CA8398DD3DD119293D /* Pods-TableViewImageLoadPOCTests.debug.xcconfig */;
			buildSettings = {
				ALWAYS_EMBED_SWIFT_STANDARD_LIBRARIES = YES;
				BUNDLE_LOADER = "$(TEST_HOST)";
				CODE_SIGN_STYLE = Automatic;
				DEVELOPMENT_TEAM = ZRPL2B2TTJ;
				INFOPLIST_FILE = TableViewImageLoadPOCTests/Info.plist;
				IPHONEOS_DEPLOYMENT_TARGET = 14.5;
				LD_RUNPATH_SEARCH_PATHS = (
					"$(inherited)",
					"@executable_path/Frameworks",
					"@loader_path/Frameworks",
				);
				PRODUCT_BUNDLE_IDENTIFIER = com.BitcotTechnologies.com.TableViewImageLoadPOCTests;
				PRODUCT_NAME = "$(TARGET_NAME)";
				SWIFT_VERSION = 5.0;
				TARGETED_DEVICE_FAMILY = "1,2";
				TEST_HOST = "$(BUILT_PRODUCTS_DIR)/TableViewImageLoadPOC.app/TableViewImageLoadPOC";
			};
			name = Debug;
		};
		957B1E5D26B51368007478D7 /* Release */ = {
			isa = XCBuildConfiguration;
			baseConfigurationReference = E1FFDFB277B4F1DB35FBD85E /* Pods-TableViewImageLoadPOCTests.release.xcconfig */;
			buildSettings = {
				ALWAYS_EMBED_SWIFT_STANDARD_LIBRARIES = YES;
				BUNDLE_LOADER = "$(TEST_HOST)";
				CODE_SIGN_STYLE = Automatic;
				DEVELOPMENT_TEAM = ZRPL2B2TTJ;
				INFOPLIST_FILE = TableViewImageLoadPOCTests/Info.plist;
				IPHONEOS_DEPLOYMENT_TARGET = 14.5;
				LD_RUNPATH_SEARCH_PATHS = (
					"$(inherited)",
					"@executable_path/Frameworks",
					"@loader_path/Frameworks",
				);
				PRODUCT_BUNDLE_IDENTIFIER = com.BitcotTechnologies.com.TableViewImageLoadPOCTests;
				PRODUCT_NAME = "$(TARGET_NAME)";
				SWIFT_VERSION = 5.0;
				TARGETED_DEVICE_FAMILY = "1,2";
				TEST_HOST = "$(BUILT_PRODUCTS_DIR)/TableViewImageLoadPOC.app/TableViewImageLoadPOC";
			};
			name = Release;
		};
		957B1E5F26B51368007478D7 /* Debug */ = {
			isa = XCBuildConfiguration;
			baseConfigurationReference = 20CEFE62853B26BAC3BBCDD3 /* Pods-TableViewImageLoadPOC-TableViewImageLoadPOCUITests.debug.xcconfig */;
			buildSettings = {
				ALWAYS_EMBED_SWIFT_STANDARD_LIBRARIES = YES;
				CODE_SIGN_STYLE = Automatic;
				DEVELOPMENT_TEAM = ZRPL2B2TTJ;
				INFOPLIST_FILE = TableViewImageLoadPOCUITests/Info.plist;
				LD_RUNPATH_SEARCH_PATHS = (
					"$(inherited)",
					"@executable_path/Frameworks",
					"@loader_path/Frameworks",
				);
				PRODUCT_BUNDLE_IDENTIFIER = com.BitcotTechnologies.com.TableViewImageLoadPOCUITests;
				PRODUCT_NAME = "$(TARGET_NAME)";
				SWIFT_VERSION = 5.0;
				TARGETED_DEVICE_FAMILY = "1,2";
				TEST_TARGET_NAME = TableViewImageLoadPOC;
			};
			name = Debug;
		};
		957B1E6026B51368007478D7 /* Release */ = {
			isa = XCBuildConfiguration;
			baseConfigurationReference = 99FA13EAB77C849DE4A6B5E6 /* Pods-TableViewImageLoadPOC-TableViewImageLoadPOCUITests.release.xcconfig */;
			buildSettings = {
				ALWAYS_EMBED_SWIFT_STANDARD_LIBRARIES = YES;
				CODE_SIGN_STYLE = Automatic;
				DEVELOPMENT_TEAM = ZRPL2B2TTJ;
				INFOPLIST_FILE = TableViewImageLoadPOCUITests/Info.plist;
				LD_RUNPATH_SEARCH_PATHS = (
					"$(inherited)",
					"@executable_path/Frameworks",
					"@loader_path/Frameworks",
				);
				PRODUCT_BUNDLE_IDENTIFIER = com.BitcotTechnologies.com.TableViewImageLoadPOCUITests;
				PRODUCT_NAME = "$(TARGET_NAME)";
				SWIFT_VERSION = 5.0;
				TARGETED_DEVICE_FAMILY = "1,2";
				TEST_TARGET_NAME = TableViewImageLoadPOC;
			};
			name = Release;
		};
/* End XCBuildConfiguration section */

/* Begin XCConfigurationList section */
		957B1E2626B51364007478D7 /* Build configuration list for PBXProject "TableViewImageLoadPOC" */ = {
			isa = XCConfigurationList;
			buildConfigurations = (
				957B1E5626B51368007478D7 /* Debug */,
				957B1E5726B51368007478D7 /* Release */,
			);
			defaultConfigurationIsVisible = 0;
			defaultConfigurationName = Release;
		};
		957B1E5826B51368007478D7 /* Build configuration list for PBXNativeTarget "TableViewImageLoadPOC" */ = {
			isa = XCConfigurationList;
			buildConfigurations = (
				957B1E5926B51368007478D7 /* Debug */,
				957B1E5A26B51368007478D7 /* Release */,
			);
			defaultConfigurationIsVisible = 0;
			defaultConfigurationName = Release;
		};
		957B1E5B26B51368007478D7 /* Build configuration list for PBXNativeTarget "TableViewImageLoadPOCTests" */ = {
			isa = XCConfigurationList;
			buildConfigurations = (
				957B1E5C26B51368007478D7 /* Debug */,
				957B1E5D26B51368007478D7 /* Release */,
			);
			defaultConfigurationIsVisible = 0;
			defaultConfigurationName = Release;
		};
		957B1E5E26B51368007478D7 /* Build configuration list for PBXNativeTarget "TableViewImageLoadPOCUITests" */ = {
			isa = XCConfigurationList;
			buildConfigurations = (
				957B1E5F26B51368007478D7 /* Debug */,
				957B1E6026B51368007478D7 /* Release */,
			);
			defaultConfigurationIsVisible = 0;
			defaultConfigurationName = Release;
		};
/* End XCConfigurationList section */

/* Begin XCRemoteSwiftPackageReference section */
		957B1EA126B5226A007478D7 /* XCRemoteSwiftPackageReference "Alamofire.git" */ = {
			isa = XCRemoteSwiftPackageReference;
			repositoryURL = "https://github.com/Alamofire/Alamofire.git";
			requirement = {
				kind = upToNextMajorVersion;
				minimumVersion = 5.4.3;
			};
		};
		957B1EA526B522C1007478D7 /* XCRemoteSwiftPackageReference "ObjectMapper.git" */ = {
			isa = XCRemoteSwiftPackageReference;
			repositoryURL = "https://github.com/tristanhimmelman/ObjectMapper.git";
			requirement = {
				kind = upToNextMajorVersion;
				minimumVersion = 4.2.0;
			};
		};
		957B1EB326B52C12007478D7 /* XCRemoteSwiftPackageReference "SDWebImage.git" */ = {
			isa = XCRemoteSwiftPackageReference;
			repositoryURL = "https://github.com/SDWebImage/SDWebImage.git";
			requirement = {
				branch = master;
				kind = branch;
			};
		};
		957B1EB926B5D048007478D7 /* XCRemoteSwiftPackageReference "Reachability.swift" */ = {
			isa = XCRemoteSwiftPackageReference;
			repositoryURL = "https://github.com/ashleymills/Reachability.swift";
			requirement = {
				kind = upToNextMajorVersion;
				minimumVersion = 5.1.0;
			};
		};
/* End XCRemoteSwiftPackageReference section */

/* Begin XCSwiftPackageProductDependency section */
		957B1EA226B5226B007478D7 /* Alamofire */ = {
			isa = XCSwiftPackageProductDependency;
			package = 957B1EA126B5226A007478D7 /* XCRemoteSwiftPackageReference "Alamofire.git" */;
			productName = Alamofire;
		};
		957B1EA626B522C1007478D7 /* ObjectMapper */ = {
			isa = XCSwiftPackageProductDependency;
			package = 957B1EA526B522C1007478D7 /* XCRemoteSwiftPackageReference "ObjectMapper.git" */;
			productName = ObjectMapper;
		};
		957B1EB426B52C12007478D7 /* SDWebImage */ = {
			isa = XCSwiftPackageProductDependency;
			package = 957B1EB326B52C12007478D7 /* XCRemoteSwiftPackageReference "SDWebImage.git" */;
			productName = SDWebImage;
		};
		957B1EB626B52C12007478D7 /* SDWebImageMapKit */ = {
			isa = XCSwiftPackageProductDependency;
			package = 957B1EB326B52C12007478D7 /* XCRemoteSwiftPackageReference "SDWebImage.git" */;
			productName = SDWebImageMapKit;
		};
		957B1EBA26B5D048007478D7 /* Reachability */ = {
			isa = XCSwiftPackageProductDependency;
			package = 957B1EB926B5D048007478D7 /* XCRemoteSwiftPackageReference "Reachability.swift" */;
			productName = Reachability;
		};
/* End XCSwiftPackageProductDependency section */

/* Begin XCVersionGroup section */
		957B1E3726B51364007478D7 /* TableViewImageLoadPOC.xcdatamodeld */ = {
			isa = XCVersionGroup;
			children = (
				957B1E3826B51364007478D7 /* TableViewImageLoadPOC.xcdatamodel */,
			);
			currentVersion = 957B1E3826B51364007478D7 /* TableViewImageLoadPOC.xcdatamodel */;
			path = TableViewImageLoadPOC.xcdatamodeld;
			sourceTree = "<group>";
			versionGroupType = wrapper.xcdatamodel;
		};
/* End XCVersionGroup section */
	};
	rootObject = 957B1E2326B51364007478D7 /* Project object */;
}
