// !$*UTF8*$!
{
	archiveVersion = 1;
	classes = {
	};
	objectVersion = 50;
	objects = {

/* Begin PBXBuildFile section */
		957B1E2F26B51364007478D7 /* AppDelegate.swift in Sources */ = {isa = PBXBuildFile; fileRef = 957B1E2E26B51364007478D7 /* AppDelegate.swift */; };
		957B1E3126B51364007478D7 /* SceneDelegate.swift in Sources */ = {isa = PBXBuildFile; fileRef = 957B1E3026B51364007478D7 /* SceneDelegate.swift */; };
		957B1E3326B51364007478D7 /* ViewController.swift in Sources */ = {isa = PBXBuildFile; fileRef = 957B1E3226B51364007478D7 /* ViewController.swift */; };
		957B1E3626B51364007478D7 /* Main.storyboard in Resources */ = {isa = PBXBuildFile; fileRef = 957B1E3426B51364007478D7 /* Main.storyboard */; };
		957B1E3926B51364007478D7 /* TableViewImageLoadPOC.xcdatamodeld in Sources */ = {isa = PBXBuildFile; fileRef = 957B1E3726B51364007478D7 /* TableViewImageLoadPOC.xcdatamodeld */; };
		957B1E3B26B51367007478D7 /* Assets.xcassets in Resources */ = {isa = PBXBuildFile; fileRef = 957B1E3A26B51367007478D7 /* Assets.xcassets */; };
		957B1E3E26B51367007478D7 /* LaunchScreen.storyboard in Resources */ = {isa = PBXBuildFile; fileRef = 957B1E3C26B51367007478D7 /* LaunchScreen.storyboard */; };
		957B1E4926B51368007478D7 /* TableViewImageLoadPOCTests.swift in Sources */ = {isa = PBXBuildFile; fileRef = 957B1E4826B51368007478D7 /* TableViewImageLoadPOCTests.swift */; };
		957B1E5426B51368007478D7 /* TableViewImageLoadPOCUITests.swift in Sources */ = {isa = PBXBuildFile; fileRef = 957B1E5326B51368007478D7 /* TableViewImageLoadPOCUITests.swift */; };
/* End PBXBuildFile section */

/* Begin PBXContainerItemProxy section */
		957B1E4526B51368007478D7 /* PBXContainerItemProxy */ = {
			isa = PBXContainerItemProxy;
			containerPortal = 957B1E2326B51364007478D7 /* Project object */;
			proxyType = 1;
			remoteGlobalIDString = 957B1E2A26B51364007478D7;
			remoteInfo = TableViewImageLoadPOC;
		};
		957B1E5026B51368007478D7 /* PBXContainerItemProxy */ = {
			isa = PBXContainerItemProxy;
			containerPortal = 957B1E2326B51364007478D7 /* Project object */;
			proxyType = 1;
			remoteGlobalIDString = 957B1E2A26B51364007478D7;
			remoteInfo = TableViewImageLoadPOC;
		};
/* End PBXContainerItemProxy section */

/* Begin PBXFileReference section */
		957B1E2B26B51364007478D7 /* TableViewImageLoadPOC.app */ = {isa = PBXFileReference; explicitFileType = wrapper.application; includeInIndex = 0; path = TableViewImageLoadPOC.app; sourceTree = BUILT_PRODUCTS_DIR; };
		957B1E2E26B51364007478D7 /* AppDelegate.swift */ = {isa = PBXFileReference; lastKnownFileType = sourcecode.swift; path = AppDelegate.swift; sourceTree = "<group>"; };
		957B1E3026B51364007478D7 /* SceneDelegate.swift */ = {isa = PBXFileReference; lastKnownFileType = sourcecode.swift; path = SceneDelegate.swift; sourceTree = "<group>"; };
		957B1E3226B51364007478D7 /* ViewController.swift */ = {isa = PBXFileReference; lastKnownFileType = sourcecode.swift; path = ViewController.swift; sourceTree = "<group>"; };
		957B1E3526B51364007478D7 /* Base */ = {isa = PBXFileReference; lastKnownFileType = file.storyboard; name = Base; path = Base.lproj/Main.storyboard; sourceTree = "<group>"; };
		957B1E3826B51364007478D7 /* TableViewImageLoadPOC.xcdatamodel */ = {isa = PBXFileReference; lastKnownFileType = wrapper.xcdatamodel; path = TableViewImageLoadPOC.xcdatamodel; sourceTree = "<group>"; };
		957B1E3A26B51367007478D7 /* Assets.xcassets */ = {isa = PBXFileReference; lastKnownFileType = folder.assetcatalog; path = Assets.xcassets; sourceTree = "<group>"; };
		957B1E3D26B51367007478D7 /* Base */ = {isa = PBXFileReference; lastKnownFileType = file.storyboard; name = Base; path = Base.lproj/LaunchScreen.storyboard; sourceTree = "<group>"; };
		957B1E3F26B51367007478D7 /* Info.plist */ = {isa = PBXFileReference; lastKnownFileType = text.plist.xml; path = Info.plist; sourceTree = "<group>"; };
		957B1E4426B51368007478D7 /* TableViewImageLoadPOCTests.xctest */ = {isa = PBXFileReference; explicitFileType = wrapper.cfbundle; includeInIndex = 0; path = TableViewImageLoadPOCTests.xctest; sourceTree = BUILT_PRODUCTS_DIR; };
		957B1E4826B51368007478D7 /* TableViewImageLoadPOCTests.swift */ = {isa = PBXFileReference; lastKnownFileType = sourcecode.swift; path = TableViewImageLoadPOCTests.swift; sourceTree = "<group>"; };
		957B1E4A26B51368007478D7 /* Info.plist */ = {isa = PBXFileReference; lastKnownFileType = text.plist.xml; path = Info.plist; sourceTree = "<group>"; };
		957B1E4F26B51368007478D7 /* TableViewImageLoadPOCUITests.xctest */ = {isa = PBXFileReference; explicitFileType = wrapper.cfbundle; includeInIndex = 0; path = TableViewImageLoadPOCUITests.xctest; sourceTree = BUILT_PRODUCTS_DIR; };
		957B1E5326B51368007478D7 /* TableViewImageLoadPOCUITests.swift */ = {isa = PBXFileReference; lastKnownFileType = sourcecode.swift; path = TableViewImageLoadPOCUITests.swift; sourceTree = "<group>"; };
		957B1E5526B51368007478D7 /* Info.plist */ = {isa = PBXFileReference; lastKnownFileType = text.plist.xml; path = Info.plist; sourceTree = "<group>"; };
/* End PBXFileReference section */

/* Begin PBXFrameworksBuildPhase section */
		957B1E2826B51364007478D7 /* Frameworks */ = {
			isa = PBXFrameworksBuildPhase;
			buildActionMask = 2147483647;
			files = (
			);
			runOnlyForDeploymentPostprocessing = 0;
		};
		957B1E4126B51368007478D7 /* Frameworks */ = {
			isa = PBXFrameworksBuildPhase;
			buildActionMask = 2147483647;
			files = (
			);
			runOnlyForDeploymentPostprocessing = 0;
		};
		957B1E4C26B51368007478D7 /* Frameworks */ = {
			isa = PBXFrameworksBuildPhase;
			buildActionMask = 2147483647;
			files = (
			);
			runOnlyForDeploymentPostprocessing = 0;
		};
/* End PBXFrameworksBuildPhase section */

/* Begin PBXGroup section */
		957B1E2226B51364007478D7 = {
			isa = PBXGroup;
			children = (
				957B1E2D26B51364007478D7 /* TableViewImageLoadPOC */,
				957B1E4726B51368007478D7 /* TableViewImageLoadPOCTests */,
				957B1E5226B51368007478D7 /* TableViewImageLoadPOCUITests */,
				957B1E2C26B51364007478D7 /* Products */,
			);
			sourceTree = "<group>";
		};
		957B1E2C26B51364007478D7 /* Products */ = {
			isa = PBXGroup;
			children = (
				957B1E2B26B51364007478D7 /* TableViewImageLoadPOC.app */,
				957B1E4426B51368007478D7 /* TableViewImageLoadPOCTests.xctest */,
				957B1E4F26B51368007478D7 /* TableViewImageLoadPOCUITests.xctest */,
			);
			name = Products;
			sourceTree = "<group>";
		};
		957B1E2D26B51364007478D7 /* TableViewImageLoadPOC */ = {
			isa = PBXGroup;
			children = (
				957B1E2E26B51364007478D7 /* AppDelegate.swift */,
				957B1E3026B51364007478D7 /* SceneDelegate.swift */,
				957B1E3226B51364007478D7 /* ViewController.swift */,
				957B1E3426B51364007478D7 /* Main.storyboard */,
				957B1E3A26B51367007478D7 /* Assets.xcassets */,
				957B1E3C26B51367007478D7 /* LaunchScreen.storyboard */,
				957B1E3F26B51367007478D7 /* Info.plist */,
				957B1E3726B51364007478D7 /* TableViewImageLoadPOC.xcdatamodeld */,
			);
			path = TableViewImageLoadPOC;
			sourceTree = "<group>";
		};
		957B1E4726B51368007478D7 /* TableViewImageLoadPOCTests */ = {
			isa = PBXGroup;
			children = (
				957B1E4826B51368007478D7 /* TableViewImageLoadPOCTests.swift */,
				957B1E4A26B51368007478D7 /* Info.plist */,
			);
			path = TableViewImageLoadPOCTests;
			sourceTree = "<group>";
		};
		957B1E5226B51368007478D7 /* TableViewImageLoadPOCUITests */ = {
			isa = PBXGroup;
			children = (
				957B1E5326B51368007478D7 /* TableViewImageLoadPOCUITests.swift */,
				957B1E5526B51368007478D7 /* Info.plist */,
			);
			path = TableViewImageLoadPOCUITests;
			sourceTree = "<group>";
		};
/* End PBXGroup section */

/* Begin PBXNativeTarget section */
		957B1E2A26B51364007478D7 /* TableViewImageLoadPOC */ = {
			isa = PBXNativeTarget;
			buildConfigurationList = 957B1E5826B51368007478D7 /* Build configuration list for PBXNativeTarget "TableViewImageLoadPOC" */;
			buildPhases = (
				957B1E2726B51364007478D7 /* Sources */,
				957B1E2826B51364007478D7 /* Frameworks */,
				957B1E2926B51364007478D7 /* Resources */,
			);
			buildRules = (
			);
			dependencies = (
			);
			name = TableViewImageLoadPOC;
			productName = TableViewImageLoadPOC;
			productReference = 957B1E2B26B51364007478D7 /* TableViewImageLoadPOC.app */;
			productType = "com.apple.product-type.application";
		};
		957B1E4326B51368007478D7 /* TableViewImageLoadPOCTests */ = {
			isa = PBXNativeTarget;
			buildConfigurationList = 957B1E5B26B51368007478D7 /* Build configuration list for PBXNativeTarget "TableViewImageLoadPOCTests" */;
			buildPhases = (
				957B1E4026B51368007478D7 /* Sources */,
				957B1E4126B51368007478D7 /* Frameworks */,
				957B1E4226B51368007478D7 /* Resources */,
			);
			buildRules = (
			);
			dependencies = (
				957B1E4626B51368007478D7 /* PBXTargetDependency */,
			);
			name = TableViewImageLoadPOCTests;
			productName = TableViewImageLoadPOCTests;
			productReference = 957B1E4426B51368007478D7 /* TableViewImageLoadPOCTests.xctest */;
			productType = "com.apple.product-type.bundle.unit-test";
		};
		957B1E4E26B51368007478D7 /* TableViewImageLoadPOCUITests */ = {
			isa = PBXNativeTarget;
			buildConfigurationList = 957B1E5E26B51368007478D7 /* Build configuration list for PBXNativeTarget "TableViewImageLoadPOCUITests" */;
			buildPhases = (
				957B1E4B26B51368007478D7 /* Sources */,
				957B1E4C26B51368007478D7 /* Frameworks */,
				957B1E4D26B51368007478D7 /* Resources */,
			);
			buildRules = (
			);
			dependencies = (
				957B1E5126B51368007478D7 /* PBXTargetDependency */,
			);
			name = TableViewImageLoadPOCUITests;
			productName = TableViewImageLoadPOCUITests;
			productReference = 957B1E4F26B51368007478D7 /* TableViewImageLoadPOCUITests.xctest */;
			productType = "com.apple.product-type.bundle.ui-testing";
		};
/* End PBXNativeTarget section */

/* Begin PBXProject section */
		957B1E2326B51364007478D7 /* Project object */ = {
			isa = PBXProject;
			attributes = {
				LastSwiftUpdateCheck = 1250;
				LastUpgradeCheck = 1250;
				TargetAttributes = {
					957B1E2A26B51364007478D7 = {
						CreatedOnToolsVersion = 12.5.1;
					};
					957B1E4326B51368007478D7 = {
						CreatedOnToolsVersion = 12.5.1;
						TestTargetID = 957B1E2A26B51364007478D7;
					};
					957B1E4E26B51368007478D7 = {
						CreatedOnToolsVersion = 12.5.1;
						TestTargetID = 957B1E2A26B51364007478D7;
					};
				};
			};
			buildConfigurationList = 957B1E2626B51364007478D7 /* Build configuration list for PBXProject "TableViewImageLoadPOC" */;
			compatibilityVersion = "Xcode 9.3";
			developmentRegion = en;
			hasScannedForEncodings = 0;
			knownRegions = (
				en,
				Base,
			);
			mainGroup = 957B1E2226B51364007478D7;
			productRefGroup = 957B1E2C26B51364007478D7 /* Products */;
			projectDirPath = "";
			projectRoot = "";
			targets = (
				957B1E2A26B51364007478D7 /* TableViewImageLoadPOC */,
				957B1E4326B51368007478D7 /* TableViewImageLoadPOCTests */,
				957B1E4E26B51368007478D7 /* TableViewImageLoadPOCUITests */,
			);
		};
/* End PBXProject section */

/* Begin PBXResourcesBuildPhase section */
		957B1E2926B51364007478D7 /* Resources */ = {
			isa = PBXResourcesBuildPhase;
			buildActionMask = 2147483647;
			files = (
				957B1E3E26B51367007478D7 /* LaunchScreen.storyboard in Resources */,
				957B1E3B26B51367007478D7 /* Assets.xcassets in Resources */,
				957B1E3626B51364007478D7 /* Main.storyboard in Resources */,
			);
			runOnlyForDeploymentPostprocessing = 0;
		};
		957B1E4226B51368007478D7 /* Resources */ = {
			isa = PBXResourcesBuildPhase;
			buildActionMask = 2147483647;
			files = (
			);
			runOnlyForDeploymentPostprocessing = 0;
		};
		957B1E4D26B51368007478D7 /* Resources */ = {
			isa = PBXResourcesBuildPhase;
			buildActionMask = 2147483647;
			files = (
			);
			runOnlyForDeploymentPostprocessing = 0;
		};
/* End PBXResourcesBuildPhase section */

/* Begin PBXSourcesBuildPhase section */
		957B1E2726B51364007478D7 /* Sources */ = {
			isa = PBXSourcesBuildPhase;
			buildActionMask = 2147483647;
			files = (
				957B1E3326B51364007478D7 /* ViewController.swift in Sources */,
				957B1E2F26B51364007478D7 /* AppDelegate.swift in Sources */,
				957B1E3926B51364007478D7 /* TableViewImageLoadPOC.xcdatamodeld in Sources */,
				957B1E3126B51364007478D7 /* SceneDelegate.swift in Sources */,
			);
			runOnlyForDeploymentPostprocessing = 0;
		};
		957B1E4026B51368007478D7 /* Sources */ = {
			isa = PBXSourcesBuildPhase;
			buildActionMask = 2147483647;
			files = (
				957B1E4926B51368007478D7 /* TableViewImageLoadPOCTests.swift in Sources */,
			);
			runOnlyForDeploymentPostprocessing = 0;
		};
		957B1E4B26B51368007478D7 /* Sources */ = {
			isa = PBXSourcesBuildPhase;
			buildActionMask = 2147483647;
			files = (
				957B1E5426B51368007478D7 /* TableViewImageLoadPOCUITests.swift in Sources */,
			);
			runOnlyForDeploymentPostprocessing = 0;
		};
/* End PBXSourcesBuildPhase section */

/* Begin PBXTargetDependency section */
		957B1E4626B51368007478D7 /* PBXTargetDependency */ = {
			isa = PBXTargetDependency;
			target = 957B1E2A26B51364007478D7 /* TableViewImageLoadPOC */;
			targetProxy = 957B1E4526B51368007478D7 /* PBXContainerItemProxy */;
		};
		957B1E5126B51368007478D7 /* PBXTargetDependency */ = {
			isa = PBXTargetDependency;
			target = 957B1E2A26B51364007478D7 /* TableViewImageLoadPOC */;
			targetProxy = 957B1E5026B51368007478D7 /* PBXContainerItemProxy */;
		};
/* End PBXTargetDependency section */

/* Begin PBXVariantGroup section */
		957B1E3426B51364007478D7 /* Main.storyboard */ = {
			isa = PBXVariantGroup;
			children = (
				957B1E3526B51364007478D7 /* Base */,
			);
			name = Main.storyboard;
			sourceTree = "<group>";
		};
		957B1E3C26B51367007478D7 /* LaunchScreen.storyboard */ = {
			isa = PBXVariantGroup;
			children = (
				957B1E3D26B51367007478D7 /* Base */,
			);
			name = LaunchScreen.storyboard;
			sourceTree = "<group>";
		};
/* End PBXVariantGroup section */

/* Begin XCBuildConfiguration section */
		957B1E5626B51368007478D7 /* Debug */ = {
			isa = XCBuildConfiguration;
			buildSettings = {
				ALWAYS_SEARCH_USER_PATHS = NO;
				CLANG_ANALYZER_NONNULL = YES;
				CLANG_ANALYZER_NUMBER_OBJECT_CONVERSION = YES_AGGRESSIVE;
				CLANG_CXX_LANGUAGE_STANDARD = "gnu++14";
				CLANG_CXX_LIBRARY = "libc++";
				CLANG_ENABLE_MODULES = YES;
				CLANG_ENABLE_OBJC_ARC = YES;
				CLANG_ENABLE_OBJC_WEAK = YES;
				CLANG_WARN_BLOCK_CAPTURE_AUTORELEASING = YES;
				CLANG_WARN_BOOL_CONVERSION = YES;
				CLANG_WARN_COMMA = YES;
				CLANG_WARN_CONSTANT_CONVERSION = YES;
				CLANG_WARN_DEPRECATED_OBJC_IMPLEMENTATIONS = YES;
				CLANG_WARN_DIRECT_OBJC_ISA_USAGE = YES_ERROR;
				CLANG_WARN_DOCUMENTATION_COMMENTS = YES;
				CLANG_WARN_EMPTY_BODY = YES;
				CLANG_WARN_ENUM_CONVERSION = YES;
				CLANG_WARN_INFINITE_RECURSION = YES;
				CLANG_WARN_INT_CONVERSION = YES;
				CLANG_WARN_NON_LITERAL_NULL_CONVERSION = YES;
				CLANG_WARN_OBJC_IMPLICIT_RETAIN_SELF = YES;
				CLANG_WARN_OBJC_LITERAL_CONVERSION = YES;
				CLANG_WARN_OBJC_ROOT_CLASS = YES_ERROR;
				CLANG_WARN_QUOTED_INCLUDE_IN_FRAMEWORK_HEADER = YES;
				CLANG_WARN_RANGE_LOOP_ANALYSIS = YES;
				CLANG_WARN_STRICT_PROTOTYPES = YES;
				CLANG_WARN_SUSPICIOUS_MOVE = YES;
				CLANG_WARN_UNGUARDED_AVAILABILITY = YES_AGGRESSIVE;
				CLANG_WARN_UNREACHABLE_CODE = YES;
				CLANG_WARN__DUPLICATE_METHOD_MATCH = YES;
				COPY_PHASE_STRIP = NO;
				DEBUG_INFORMATION_FORMAT = dwarf;
				ENABLE_STRICT_OBJC_MSGSEND = YES;
				ENABLE_TESTABILITY = YES;
				GCC_C_LANGUAGE_STANDARD = gnu11;
				GCC_DYNAMIC_NO_PIC = NO;
				GCC_NO_COMMON_BLOCKS = YES;
				GCC_OPTIMIZATION_LEVEL = 0;
				GCC_PREPROCESSOR_DEFINITIONS = (
					"DEBUG=1",
					"$(inherited)",
				);
				GCC_WARN_64_TO_32_BIT_CONVERSION = YES;
				GCC_WARN_ABOUT_RETURN_TYPE = YES_ERROR;
				GCC_WARN_UNDECLARED_SELECTOR = YES;
				GCC_WARN_UNINITIALIZED_AUTOS = YES_AGGRESSIVE;
				GCC_WARN_UNUSED_FUNCTION = YES;
				GCC_WARN_UNUSED_VARIABLE = YES;
				IPHONEOS_DEPLOYMENT_TARGET = 14.5;
				MTL_ENABLE_DEBUG_INFO = INCLUDE_SOURCE;
				MTL_FAST_MATH = YES;
				ONLY_ACTIVE_ARCH = YES;
				SDKROOT = iphoneos;
				SWIFT_ACTIVE_COMPILATION_CONDITIONS = DEBUG;
				SWIFT_OPTIMIZATION_LEVEL = "-Onone";
			};
			name = Debug;
		};
		957B1E5726B51368007478D7 /* Release */ = {
			isa = XCBuildConfiguration;
			buildSettings = {
				ALWAYS_SEARCH_USER_PATHS = NO;
				CLANG_ANALYZER_NONNULL = YES;
				CLANG_ANALYZER_NUMBER_OBJECT_CONVERSION = YES_AGGRESSIVE;
				CLANG_CXX_LANGUAGE_STANDARD = "gnu++14";
				CLANG_CXX_LIBRARY = "libc++";
				CLANG_ENABLE_MODULES = YES;
				CLANG_ENABLE_OBJC_ARC = YES;
				CLANG_ENABLE_OBJC_WEAK = YES;
				CLANG_WARN_BLOCK_CAPTURE_AUTORELEASING = YES;
				CLANG_WARN_BOOL_CONVERSION = YES;
				CLANG_WARN_COMMA = YES;
				CLANG_WARN_CONSTANT_CONVERSION = YES;
				CLANG_WARN_DEPRECATED_OBJC_IMPLEMENTATIONS = YES;
				CLANG_WARN_DIRECT_OBJC_ISA_USAGE = YES_ERROR;
				CLANG_WARN_DOCUMENTATION_COMMENTS = YES;
				CLANG_WARN_EMPTY_BODY = YES;
				CLANG_WARN_ENUM_CONVERSION = YES;
				CLANG_WARN_INFINITE_RECURSION = YES;
				CLANG_WARN_INT_CONVERSION = YES;
				CLANG_WARN_NON_LITERAL_NULL_CONVERSION = YES;
				CLANG_WARN_OBJC_IMPLICIT_RETAIN_SELF = YES;
				CLANG_WARN_OBJC_LITERAL_CONVERSION = YES;
				CLANG_WARN_OBJC_ROOT_CLASS = YES_ERROR;
				CLANG_WARN_QUOTED_INCLUDE_IN_FRAMEWORK_HEADER = YES;
				CLANG_WARN_RANGE_LOOP_ANALYSIS = YES;
				CLANG_WARN_STRICT_PROTOTYPES = YES;
				CLANG_WARN_SUSPICIOUS_MOVE = YES;
				CLANG_WARN_UNGUARDED_AVAILABILITY = YES_AGGRESSIVE;
				CLANG_WARN_UNREACHABLE_CODE = YES;
				CLANG_WARN__DUPLICATE_METHOD_MATCH = YES;
				COPY_PHASE_STRIP = NO;
				DEBUG_INFORMATION_FORMAT = "dwarf-with-dsym";
				ENABLE_NS_ASSERTIONS = NO;
				ENABLE_STRICT_OBJC_MSGSEND = YES;
				GCC_C_LANGUAGE_STANDARD = gnu11;
				GCC_NO_COMMON_BLOCKS = YES;
				GCC_WARN_64_TO_32_BIT_CONVERSION = YES;
				GCC_WARN_ABOUT_RETURN_TYPE = YES_ERROR;
				GCC_WARN_UNDECLARED_SELECTOR = YES;
				GCC_WARN_UNINITIALIZED_AUTOS = YES_AGGRESSIVE;
				GCC_WARN_UNUSED_FUNCTION = YES;
				GCC_WARN_UNUSED_VARIABLE = YES;
				IPHONEOS_DEPLOYMENT_TARGET = 14.5;
				MTL_ENABLE_DEBUG_INFO = NO;
				MTL_FAST_MATH = YES;
				SDKROOT = iphoneos;
				SWIFT_COMPILATION_MODE = wholemodule;
				SWIFT_OPTIMIZATION_LEVEL = "-O";
				VALIDATE_PRODUCT = YES;
			};
			name = Release;
		};
		957B1E5926B51368007478D7 /* Debug */ = {
			isa = XCBuildConfiguration;
			buildSettings = {
				ASSETCATALOG_COMPILER_APPICON_NAME = AppIcon;
				ASSETCATALOG_COMPILER_GLOBAL_ACCENT_COLOR_NAME = AccentColor;
				CODE_SIGN_STYLE = Automatic;
				DEVELOPMENT_TEAM = ZRPL2B2TTJ;
				INFOPLIST_FILE = TableViewImageLoadPOC/Info.plist;
				LD_RUNPATH_SEARCH_PATHS = (
					"$(inherited)",
					"@executable_path/Frameworks",
				);
				PRODUCT_BUNDLE_IDENTIFIER = com.BitcotTechnologies.com.TableViewImageLoadPOC;
				PRODUCT_NAME = "$(TARGET_NAME)";
				SWIFT_VERSION = 5.0;
				TARGETED_DEVICE_FAMILY = "1,2";
			};
			name = Debug;
		};
		957B1E5A26B51368007478D7 /* Release */ = {
			isa = XCBuildConfiguration;
			buildSettings = {
				ASSETCATALOG_COMPILER_APPICON_NAME = AppIcon;
				ASSETCATALOG_COMPILER_GLOBAL_ACCENT_COLOR_NAME = AccentColor;
				CODE_SIGN_STYLE = Automatic;
				DEVELOPMENT_TEAM = ZRPL2B2TTJ;
				INFOPLIST_FILE = TableViewImageLoadPOC/Info.plist;
				LD_RUNPATH_SEARCH_PATHS = (
					"$(inherited)",
					"@executable_path/Frameworks",
				);
				PRODUCT_BUNDLE_IDENTIFIER = com.BitcotTechnologies.com.TableViewImageLoadPOC;
				PRODUCT_NAME = "$(TARGET_NAME)";
				SWIFT_VERSION = 5.0;
				TARGETED_DEVICE_FAMILY = "1,2";
			};
			name = Release;
		};
		957B1E5C26B51368007478D7 /* Debug */ = {
			isa = XCBuildConfiguration;
			buildSettings = {
				ALWAYS_EMBED_SWIFT_STANDARD_LIBRARIES = YES;
				BUNDLE_LOADER = "$(TEST_HOST)";
				CODE_SIGN_STYLE = Automatic;
				DEVELOPMENT_TEAM = ZRPL2B2TTJ;
				INFOPLIST_FILE = TableViewImageLoadPOCTests/Info.plist;
				IPHONEOS_DEPLOYMENT_TARGET = 14.5;
				LD_RUNPATH_SEARCH_PATHS = (
					"$(inherited)",
					"@executable_path/Frameworks",
					"@loader_path/Frameworks",
				);
				PRODUCT_BUNDLE_IDENTIFIER = com.BitcotTechnologies.com.TableViewImageLoadPOCTests;
				PRODUCT_NAME = "$(TARGET_NAME)";
				SWIFT_VERSION = 5.0;
				TARGETED_DEVICE_FAMILY = "1,2";
				TEST_HOST = "$(BUILT_PRODUCTS_DIR)/TableViewImageLoadPOC.app/TableViewImageLoadPOC";
			};
			name = Debug;
		};
		957B1E5D26B51368007478D7 /* Release */ = {
			isa = XCBuildConfiguration;
			buildSettings = {
				ALWAYS_EMBED_SWIFT_STANDARD_LIBRARIES = YES;
				BUNDLE_LOADER = "$(TEST_HOST)";
				CODE_SIGN_STYLE = Automatic;
				DEVELOPMENT_TEAM = ZRPL2B2TTJ;
				INFOPLIST_FILE = TableViewImageLoadPOCTests/Info.plist;
				IPHONEOS_DEPLOYMENT_TARGET = 14.5;
				LD_RUNPATH_SEARCH_PATHS = (
					"$(inherited)",
					"@executable_path/Frameworks",
					"@loader_path/Frameworks",
				);
				PRODUCT_BUNDLE_IDENTIFIER = com.BitcotTechnologies.com.TableViewImageLoadPOCTests;
				PRODUCT_NAME = "$(TARGET_NAME)";
				SWIFT_VERSION = 5.0;
				TARGETED_DEVICE_FAMILY = "1,2";
				TEST_HOST = "$(BUILT_PRODUCTS_DIR)/TableViewImageLoadPOC.app/TableViewImageLoadPOC";
			};
			name = Release;
		};
		957B1E5F26B51368007478D7 /* Debug */ = {
			isa = XCBuildConfiguration;
			buildSettings = {
				ALWAYS_EMBED_SWIFT_STANDARD_LIBRARIES = YES;
				CODE_SIGN_STYLE = Automatic;
				DEVELOPMENT_TEAM = ZRPL2B2TTJ;
				INFOPLIST_FILE = TableViewImageLoadPOCUITests/Info.plist;
				LD_RUNPATH_SEARCH_PATHS = (
					"$(inherited)",
					"@executable_path/Frameworks",
					"@loader_path/Frameworks",
				);
				PRODUCT_BUNDLE_IDENTIFIER = com.BitcotTechnologies.com.TableViewImageLoadPOCUITests;
				PRODUCT_NAME = "$(TARGET_NAME)";
				SWIFT_VERSION = 5.0;
				TARGETED_DEVICE_FAMILY = "1,2";
				TEST_TARGET_NAME = TableViewImageLoadPOC;
			};
			name = Debug;
		};
		957B1E6026B51368007478D7 /* Release */ = {
			isa = XCBuildConfiguration;
			buildSettings = {
				ALWAYS_EMBED_SWIFT_STANDARD_LIBRARIES = YES;
				CODE_SIGN_STYLE = Automatic;
				DEVELOPMENT_TEAM = ZRPL2B2TTJ;
				INFOPLIST_FILE = TableViewImageLoadPOCUITests/Info.plist;
				LD_RUNPATH_SEARCH_PATHS = (
					"$(inherited)",
					"@executable_path/Frameworks",
					"@loader_path/Frameworks",
				);
				PRODUCT_BUNDLE_IDENTIFIER = com.BitcotTechnologies.com.TableViewImageLoadPOCUITests;
				PRODUCT_NAME = "$(TARGET_NAME)";
				SWIFT_VERSION = 5.0;
				TARGETED_DEVICE_FAMILY = "1,2";
				TEST_TARGET_NAME = TableViewImageLoadPOC;
			};
			name = Release;
		};
/* End XCBuildConfiguration section */

/* Begin XCConfigurationList section */
		957B1E2626B51364007478D7 /* Build configuration list for PBXProject "TableViewImageLoadPOC" */ = {
			isa = XCConfigurationList;
			buildConfigurations = (
				957B1E5626B51368007478D7 /* Debug */,
				957B1E5726B51368007478D7 /* Release */,
			);
			defaultConfigurationIsVisible = 0;
			defaultConfigurationName = Release;
		};
		957B1E5826B51368007478D7 /* Build configuration list for PBXNativeTarget "TableViewImageLoadPOC" */ = {
			isa = XCConfigurationList;
			buildConfigurations = (
				957B1E5926B51368007478D7 /* Debug */,
				957B1E5A26B51368007478D7 /* Release */,
			);
			defaultConfigurationIsVisible = 0;
			defaultConfigurationName = Release;
		};
		957B1E5B26B51368007478D7 /* Build configuration list for PBXNativeTarget "TableViewImageLoadPOCTests" */ = {
			isa = XCConfigurationList;
			buildConfigurations = (
				957B1E5C26B51368007478D7 /* Debug */,
				957B1E5D26B51368007478D7 /* Release */,
			);
			defaultConfigurationIsVisible = 0;
			defaultConfigurationName = Release;
		};
		957B1E5E26B51368007478D7 /* Build configuration list for PBXNativeTarget "TableViewImageLoadPOCUITests" */ = {
			isa = XCConfigurationList;
			buildConfigurations = (
				957B1E5F26B51368007478D7 /* Debug */,
				957B1E6026B51368007478D7 /* Release */,
			);
			defaultConfigurationIsVisible = 0;
			defaultConfigurationName = Release;
		};
/* End XCConfigurationList section */

/* Begin XCVersionGroup section */
		957B1E3726B51364007478D7 /* TableViewImageLoadPOC.xcdatamodeld */ = {
			isa = XCVersionGroup;
			children = (
				957B1E3826B51364007478D7 /* TableViewImageLoadPOC.xcdatamodel */,
			);
			currentVersion = 957B1E3826B51364007478D7 /* TableViewImageLoadPOC.xcdatamodel */;
			path = TableViewImageLoadPOC.xcdatamodeld;
			sourceTree = "<group>";
			versionGroupType = wrapper.xcdatamodel;
		};
/* End XCVersionGroup section */
	};
	rootObject = 957B1E2326B51364007478D7 /* Project object */;
}
